
Microsoft Visual Studio Solution File, Format Version 12.00
# Visual Studio 15
Project("{FAE04EC0-301F-11D3-BF4B-00C04F79EFBC}") = "Unity.XR.Interaction.Toolkit.Samples.StarterAssets.Editor", "Unity.XR.Interaction.Toolkit.Samples.StarterAssets.Editor.csproj", "{2EFF3A16-BF3A-D6F1-D867-E17C5D9215C7}"
EndProject
Project("{FAE04EC0-301F-11D3-BF4B-00C04F79EFBC}") = "Unity.XR.Interaction.Toolkit.Samples.StarterAssets", "Unity.XR.Interaction.Toolkit.Samples.StarterAssets.csproj", "{AD5ECE1A-802E-CB38-D1C3-9B255E6C2103}"
EndProject
Global
	GlobalSection(SolutionConfigurationPlatforms) = preSolution
		Debug|Any CPU = Debug|Any CPU
		Release|Any CPU = Release|Any CPU
	EndGlobalSection
	GlobalSection(ProjectConfigurationPlatforms) = postSolution
		{2EFF3A16-BF3A-D6F1-D867-E17C5D9215C7}.Debug|Any CPU.ActiveCfg = Debug|Any CPU
		{2EFF3A16-BF3A-D6F1-D867-E17C5D9215C7}.Debug|Any CPU.Build.0 = Debug|Any CPU
		{2EFF3A16-BF3A-D6F1-D867-E17C5D9215C7}.Release|Any CPU.ActiveCfg = Release|Any CPU
		{2EFF3A16-BF3A-D6F1-D867-E17C5D9215C7}.Release|Any CPU.Build.0 = Release|Any CPU
		{AD5ECE1A-802E-CB38-D1C3-9B255E6C2103}.Debug|Any CPU.ActiveCfg = Debug|Any CPU
		{AD5ECE1A-802E-CB38-D1C3-9B255E6C2103}.Debug|Any CPU.Build.0 = Debug|Any CPU
		{AD5ECE1A-802E-CB38-D1C3-9B255E6C2103}.Release|Any CPU.ActiveCfg = Release|Any CPU
		{AD5ECE1A-802E-CB38-D1C3-9B255E6C2103}.Release|Any CPU.Build.0 = Release|Any CPU
	EndGlobalSection
	GlobalSection(SolutionProperties) = preSolution
		HideSolutionNode = FALSE
	EndGlobalSection
EndGlobal
